
Microsoft Visual Studio Solution File, Format Version 12.00
# Visual Studio Version 17
VisualStudioVersion = 17.8.34322.80
MinimumVisualStudioVersion = 10.0.40219.1
Project("{FAE04EC0-301F-11D3-BF4B-00C04F79EFBC}") = "ASHARIB", "ASHARIB\ASHARIB.csproj", "{634482FC-78F8-4DC6-8AC8-E489758C1B01}"
EndProject
Global
	GlobalSection(SolutionConfigurationPlatforms) = preSolution
		Debug|Any CPU = Debug|Any CPU
		Release|Any CPU = Release|Any CPU
	EndGlobalSection
	GlobalSection(ProjectConfigurationPlatforms) = postSolution
		{634482FC-78F8-4DC6-8AC8-E489758C1B01}.Debug|Any CPU.ActiveCfg = Debug|Any CPU
		{634482FC-78F8-4DC6-8AC8-E489758C1B01}.Debug|Any CPU.Build.0 = Debug|Any CPU
		{634482FC-78F8-4DC6-8AC8-E489758C1B01}.Release|Any CPU.ActiveCfg = Release|Any CPU
		{634482FC-78F8-4DC6-8AC8-E489758C1B01}.Release|Any CPU.Build.0 = Release|Any CPU
	EndGlobalSection
	GlobalSection(SolutionProperties) = preSolution
		HideSolutionNode = FALSE
	EndGlobalSection
	GlobalSection(ExtensibilityGlobals) = postSolution
		SolutionGuid = {ECA4E07B-7E9E-476C-BDDD-DD749AB179E4}
	EndGlobalSection
EndGlobal
